{
  "name": "ordinamento-1",
  "lockfileVersion": 3,
  "requires": true,
  "packages": {
    "": {
      "dependencies": {
        "@types/node": "^20.8.8",
        "node-cin": "^2023.2.5"
      }
    },
    "node_modules/@thundernetworkrad/readline-sync": {
      "version": "2023.1.30",
      "resolved": "https://registry.npmjs.org/@thundernetworkrad/readline-sync/-/readline-sync-2023.1.30.tgz",
      "integrity": "sha512-vURr/jHuyum/ZRscvnkIgyIUV6VRj/ueMGGQ4tPLs8Gi4iwm4xJn2kg/Qmrnp6VdlnFDcOB3ogoMyJ0FQWkNkw==",
      "engines": {
        "node": ">= 0.8.0"
      }
    },
    "node_modules/@types/node": {
      "version": "20.8.8",
      "resolved": "https://registry.npmjs.org/@types/node/-/node-20.8.8.tgz",
      "integrity": "sha512-YRsdVxq6OaLfmR9Hy816IMp33xOBjfyOgUd77ehqg96CFywxAPbDbXvAsuN2KVg2HOT8Eh6uAfU+l4WffwPVrQ==",
      "dependencies": {
        "undici-types": "~5.25.1"
      }
    },
    "node_modules/node-cin": {
      "version": "2023.2.5",
      "resolved": "https://registry.npmjs.org/node-cin/-/node-cin-2023.2.5.tgz",
      "integrity": "sha512-FaM3Hc2CeNO1ZkikDtlvf8LP81qlXZo9o87FzcYmRRzO9UZCKUqynGnGmPqFLwMF1xOlt5xoj4Y3OIV7YiQ09g==",
      "dependencies": {
        "@thundernetworkrad/readline-sync": "^2023.1.30",
        "@types/node": "^18.11.18",
        "tslib": "^2.5.0",
        "typescript": "^4.9.4"
      }
    },
    "node_modules/node-cin/node_modules/@types/node": {
      "version": "18.18.6",
      "resolved": "https://registry.npmjs.org/@types/node/-/node-18.18.6.tgz",
      "integrity": "sha512-wf3Vz+jCmOQ2HV1YUJuCWdL64adYxumkrxtc+H1VUQlnQI04+5HtH+qZCOE21lBE7gIrt+CwX2Wv8Acrw5Ak6w=="
    },
    "node_modules/tslib": {
      "version": "2.6.2",
      "resolved": "https://registry.npmjs.org/tslib/-/tslib-2.6.2.tgz",
      "integrity": "sha512-AEYxH93jGFPn/a2iVAwW87VuUIkR1FVUKB77NwMF7nBTDkDrrT/Hpt/IrCJ0QXhW27jTBDcf5ZY7w6RiqTMw2Q=="
    },
    "node_modules/typescript": {
      "version": "4.9.5",
      "resolved": "https://registry.npmjs.org/typescript/-/typescript-4.9.5.tgz",
      "integrity": "sha512-1FXk9E2Hm+QzZQ7z+McJiHL4NW1F2EzMu9Nq9i3zAaGqibafqYwCVU6WyWAuyQRRzOlxou8xZSyXLEN8oKj24g==",
      "bin": {
        "tsc": "bin/tsc",
        "tsserver": "bin/tsserver"
      },
      "engines": {
        "node": ">=4.2.0"
      }
    },
    "node_modules/undici-types": {
      "version": "5.25.3",
      "resolved": "https://registry.npmjs.org/undici-types/-/undici-types-5.25.3.tgz",
      "integrity": "sha512-Ga1jfYwRn7+cP9v8auvEXN1rX3sWqlayd4HP7OKk4mZWylEmu3KzXDUGrQUN6Ol7qo1gPvB2e5gX6udnyEPgdA=="
    }
  }
}
